// !$*UTF8*$!
{
	archiveVersion = 1;
	classes = {
	};
	objectVersion = 55;
	objects = {

/* Begin PBXBuildFile section */
		716A14782902113F004F260B /* AppDelegate.swift in Sources */ = {isa = PBXBuildFile; fileRef = 716A14772902113F004F260B /* AppDelegate.swift */; };
		716A147A2902113F004F260B /* SceneDelegate.swift in Sources */ = {isa = PBXBuildFile; fileRef = 716A14792902113F004F260B /* SceneDelegate.swift */; };
		716A147C2902113F004F260B /* ViewController.swift in Sources */ = {isa = PBXBuildFile; fileRef = 716A147B2902113F004F260B /* ViewController.swift */; };
		716A147F2902113F004F260B /* Main.storyboard in Resources */ = {isa = PBXBuildFile; fileRef = 716A147D2902113F004F260B /* Main.storyboard */; };
		716A148129021142004F260B /* Assets.xcassets in Resources */ = {isa = PBXBuildFile; fileRef = 716A148029021142004F260B /* Assets.xcassets */; };
		716A148429021142004F260B /* LaunchScreen.storyboard in Resources */ = {isa = PBXBuildFile; fileRef = 716A148229021142004F260B /* LaunchScreen.storyboard */; };
		716A148F29021142004F260B /* BaneseDesignSystemTests.swift in Sources */ = {isa = PBXBuildFile; fileRef = 716A148E29021142004F260B /* BaneseDesignSystemTests.swift */; };
		716A149929021142004F260B /* BaneseDesignSystemUITests.swift in Sources */ = {isa = PBXBuildFile; fileRef = 716A149829021142004F260B /* BaneseDesignSystemUITests.swift */; };
		716A149B29021142004F260B /* BaneseDesignSystemUITestsLaunchTests.swift in Sources */ = {isa = PBXBuildFile; fileRef = 716A149A29021142004F260B /* BaneseDesignSystemUITestsLaunchTests.swift */; };
/* End PBXBuildFile section */

/* Begin PBXContainerItemProxy section */
		716A148B29021142004F260B /* PBXContainerItemProxy */ = {
			isa = PBXContainerItemProxy;
			containerPortal = 716A146C2902113F004F260B /* Project object */;
			proxyType = 1;
			remoteGlobalIDString = 716A14732902113F004F260B;
			remoteInfo = BaneseDesignSystem;
		};
		716A149529021142004F260B /* PBXContainerItemProxy */ = {
			isa = PBXContainerItemProxy;
			containerPortal = 716A146C2902113F004F260B /* Project object */;
			proxyType = 1;
			remoteGlobalIDString = 716A14732902113F004F260B;
			remoteInfo = BaneseDesignSystem;
		};
/* End PBXContainerItemProxy section */

/* Begin PBXFileReference section */
		716A14742902113F004F260B /* BaneseDesignSystem.app */ = {isa = PBXFileReference; explicitFileType = wrapper.application; includeInIndex = 0; path = BaneseDesignSystem.app; sourceTree = BUILT_PRODUCTS_DIR; };
		716A14772902113F004F260B /* AppDelegate.swift */ = {isa = PBXFileReference; lastKnownFileType = sourcecode.swift; path = AppDelegate.swift; sourceTree = "<group>"; };
		716A14792902113F004F260B /* SceneDelegate.swift */ = {isa = PBXFileReference; lastKnownFileType = sourcecode.swift; path = SceneDelegate.swift; sourceTree = "<group>"; };
		716A147B2902113F004F260B /* ViewController.swift */ = {isa = PBXFileReference; lastKnownFileType = sourcecode.swift; path = ViewController.swift; sourceTree = "<group>"; };
		716A147E2902113F004F260B /* Base */ = {isa = PBXFileReference; lastKnownFileType = file.storyboard; name = Base; path = Base.lproj/Main.storyboard; sourceTree = "<group>"; };
		716A148029021142004F260B /* Assets.xcassets */ = {isa = PBXFileReference; lastKnownFileType = folder.assetcatalog; path = Assets.xcassets; sourceTree = "<group>"; };
		716A148329021142004F260B /* Base */ = {isa = PBXFileReference; lastKnownFileType = file.storyboard; name = Base; path = Base.lproj/LaunchScreen.storyboard; sourceTree = "<group>"; };
		716A148529021142004F260B /* Info.plist */ = {isa = PBXFileReference; lastKnownFileType = text.plist.xml; path = Info.plist; sourceTree = "<group>"; };
		716A148A29021142004F260B /* BaneseDesignSystemTests.xctest */ = {isa = PBXFileReference; explicitFileType = wrapper.cfbundle; includeInIndex = 0; path = BaneseDesignSystemTests.xctest; sourceTree = BUILT_PRODUCTS_DIR; };
		716A148E29021142004F260B /* BaneseDesignSystemTests.swift */ = {isa = PBXFileReference; lastKnownFileType = sourcecode.swift; path = BaneseDesignSystemTests.swift; sourceTree = "<group>"; };
		716A149429021142004F260B /* BaneseDesignSystemUITests.xctest */ = {isa = PBXFileReference; explicitFileType = wrapper.cfbundle; includeInIndex = 0; path = BaneseDesignSystemUITests.xctest; sourceTree = BUILT_PRODUCTS_DIR; };
		716A149829021142004F260B /* BaneseDesignSystemUITests.swift */ = {isa = PBXFileReference; lastKnownFileType = sourcecode.swift; path = BaneseDesignSystemUITests.swift; sourceTree = "<group>"; };
		716A149A29021142004F260B /* BaneseDesignSystemUITestsLaunchTests.swift */ = {isa = PBXFileReference; lastKnownFileType = sourcecode.swift; path = BaneseDesignSystemUITestsLaunchTests.swift; sourceTree = "<group>"; };
/* End PBXFileReference section */

/* Begin PBXFrameworksBuildPhase section */
		716A14712902113F004F260B /* Frameworks */ = {
			isa = PBXFrameworksBuildPhase;
			buildActionMask = 2147483647;
			files = (
			);
			runOnlyForDeploymentPostprocessing = 0;
		};
		716A148729021142004F260B /* Frameworks */ = {
			isa = PBXFrameworksBuildPhase;
			buildActionMask = 2147483647;
			files = (
			);
			runOnlyForDeploymentPostprocessing = 0;
		};
		716A149129021142004F260B /* Frameworks */ = {
			isa = PBXFrameworksBuildPhase;
			buildActionMask = 2147483647;
			files = (
			);
			runOnlyForDeploymentPostprocessing = 0;
		};
/* End PBXFrameworksBuildPhase section */

/* Begin PBXGroup section */
		716A146B2902113F004F260B = {
			isa = PBXGroup;
			children = (
				716A14762902113F004F260B /* BaneseDesignSystem */,
				716A148D29021142004F260B /* BaneseDesignSystemTests */,
				716A149729021142004F260B /* BaneseDesignSystemUITests */,
				716A14752902113F004F260B /* Products */,
			);
			sourceTree = "<group>";
		};
		716A14752902113F004F260B /* Products */ = {
			isa = PBXGroup;
			children = (
				716A14742902113F004F260B /* BaneseDesignSystem.app */,
				716A148A29021142004F260B /* BaneseDesignSystemTests.xctest */,
				716A149429021142004F260B /* BaneseDesignSystemUITests.xctest */,
			);
			name = Products;
			sourceTree = "<group>";
		};
		716A14762902113F004F260B /* BaneseDesignSystem */ = {
			isa = PBXGroup;
			children = (
				716A14772902113F004F260B /* AppDelegate.swift */,
				716A14792902113F004F260B /* SceneDelegate.swift */,
				716A147B2902113F004F260B /* ViewController.swift */,
				716A147D2902113F004F260B /* Main.storyboard */,
				716A148029021142004F260B /* Assets.xcassets */,
				716A148229021142004F260B /* LaunchScreen.storyboard */,
				716A148529021142004F260B /* Info.plist */,
			);
			path = BaneseDesignSystem;
			sourceTree = "<group>";
		};
		716A148D29021142004F260B /* BaneseDesignSystemTests */ = {
			isa = PBXGroup;
			children = (
				716A148E29021142004F260B /* BaneseDesignSystemTests.swift */,
			);
			path = BaneseDesignSystemTests;
			sourceTree = "<group>";
		};
		716A149729021142004F260B /* BaneseDesignSystemUITests */ = {
			isa = PBXGroup;
			children = (
				716A149829021142004F260B /* BaneseDesignSystemUITests.swift */,
				716A149A29021142004F260B /* BaneseDesignSystemUITestsLaunchTests.swift */,
			);
			path = BaneseDesignSystemUITests;
			sourceTree = "<group>";
		};
/* End PBXGroup section */

/* Begin PBXNativeTarget section */
		716A14732902113F004F260B /* BaneseDesignSystem */ = {
			isa = PBXNativeTarget;
			buildConfigurationList = 716A149E29021142004F260B /* Build configuration list for PBXNativeTarget "BaneseDesignSystem" */;
			buildPhases = (
				716A14702902113F004F260B /* Sources */,
				716A14712902113F004F260B /* Frameworks */,
				716A14722902113F004F260B /* Resources */,
			);
			buildRules = (
			);
			dependencies = (
			);
			name = BaneseDesignSystem;
			productName = BaneseDesignSystem;
			productReference = 716A14742902113F004F260B /* BaneseDesignSystem.app */;
			productType = "com.apple.product-type.application";
		};
		716A148929021142004F260B /* BaneseDesignSystemTests */ = {
			isa = PBXNativeTarget;
			buildConfigurationList = 716A14A129021142004F260B /* Build configuration list for PBXNativeTarget "BaneseDesignSystemTests" */;
			buildPhases = (
				716A148629021142004F260B /* Sources */,
				716A148729021142004F260B /* Frameworks */,
				716A148829021142004F260B /* Resources */,
			);
			buildRules = (
			);
			dependencies = (
				716A148C29021142004F260B /* PBXTargetDependency */,
			);
			name = BaneseDesignSystemTests;
			productName = BaneseDesignSystemTests;
			productReference = 716A148A29021142004F260B /* BaneseDesignSystemTests.xctest */;
			productType = "com.apple.product-type.bundle.unit-test";
		};
		716A149329021142004F260B /* BaneseDesignSystemUITests */ = {
			isa = PBXNativeTarget;
			buildConfigurationList = 716A14A429021142004F260B /* Build configuration list for PBXNativeTarget "BaneseDesignSystemUITests" */;
			buildPhases = (
				716A149029021142004F260B /* Sources */,
				716A149129021142004F260B /* Frameworks */,
				716A149229021142004F260B /* Resources */,
			);
			buildRules = (
			);
			dependencies = (
				716A149629021142004F260B /* PBXTargetDependency */,
			);
			name = BaneseDesignSystemUITests;
			productName = BaneseDesignSystemUITests;
			productReference = 716A149429021142004F260B /* BaneseDesignSystemUITests.xctest */;
			productType = "com.apple.product-type.bundle.ui-testing";
		};
/* End PBXNativeTarget section */

/* Begin PBXProject section */
		716A146C2902113F004F260B /* Project object */ = {
			isa = PBXProject;
			attributes = {
				BuildIndependentTargetsInParallel = 1;
				LastSwiftUpdateCheck = 1340;
				LastUpgradeCheck = 1340;
				TargetAttributes = {
					716A14732902113F004F260B = {
						CreatedOnToolsVersion = 13.4.1;
					};
					716A148929021142004F260B = {
						CreatedOnToolsVersion = 13.4.1;
						TestTargetID = 716A14732902113F004F260B;
					};
					716A149329021142004F260B = {
						CreatedOnToolsVersion = 13.4.1;
						TestTargetID = 716A14732902113F004F260B;
					};
				};
			};
			buildConfigurationList = 716A146F2902113F004F260B /* Build configuration list for PBXProject "BaneseDesignSystem" */;
			compatibilityVersion = "Xcode 13.0";
			developmentRegion = en;
			hasScannedForEncodings = 0;
			knownRegions = (
				en,
				Base,
			);
			mainGroup = 716A146B2902113F004F260B;
			productRefGroup = 716A14752902113F004F260B /* Products */;
			projectDirPath = "";
			projectRoot = "";
			targets = (
				716A14732902113F004F260B /* BaneseDesignSystem */,
				716A148929021142004F260B /* BaneseDesignSystemTests */,
				716A149329021142004F260B /* BaneseDesignSystemUITests */,
			);
		};
/* End PBXProject section */

/* Begin PBXResourcesBuildPhase section */
		716A14722902113F004F260B /* Resources */ = {
			isa = PBXResourcesBuildPhase;
			buildActionMask = 2147483647;
			files = (
				716A148429021142004F260B /* LaunchScreen.storyboard in Resources */,
				716A148129021142004F260B /* Assets.xcassets in Resources */,
				716A147F2902113F004F260B /* Main.storyboard in Resources */,
			);
			runOnlyForDeploymentPostprocessing = 0;
		};
		716A148829021142004F260B /* Resources */ = {
			isa = PBXResourcesBuildPhase;
			buildActionMask = 2147483647;
			files = (
			);
			runOnlyForDeploymentPostprocessing = 0;
		};
		716A149229021142004F260B /* Resources */ = {
			isa = PBXResourcesBuildPhase;
			buildActionMask = 2147483647;
			files = (
			);
			runOnlyForDeploymentPostprocessing = 0;
		};
/* End PBXResourcesBuildPhase section */

/* Begin PBXSourcesBuildPhase section */
		716A14702902113F004F260B /* Sources */ = {
			isa = PBXSourcesBuildPhase;
			buildActionMask = 2147483647;
			files = (
				716A147C2902113F004F260B /* ViewController.swift in Sources */,
				716A14782902113F004F260B /* AppDelegate.swift in Sources */,
				716A147A2902113F004F260B /* SceneDelegate.swift in Sources */,
			);
			runOnlyForDeploymentPostprocessing = 0;
		};
		716A148629021142004F260B /* Sources */ = {
			isa = PBXSourcesBuildPhase;
			buildActionMask = 2147483647;
			files = (
				716A148F29021142004F260B /* BaneseDesignSystemTests.swift in Sources */,
			);
			runOnlyForDeploymentPostprocessing = 0;
		};
		716A149029021142004F260B /* Sources */ = {
			isa = PBXSourcesBuildPhase;
			buildActionMask = 2147483647;
			files = (
				716A149929021142004F260B /* BaneseDesignSystemUITests.swift in Sources */,
				716A149B29021142004F260B /* BaneseDesignSystemUITestsLaunchTests.swift in Sources */,
			);
			runOnlyForDeploymentPostprocessing = 0;
		};
/* End PBXSourcesBuildPhase section */

/* Begin PBXTargetDependency section */
		716A148C29021142004F260B /* PBXTargetDependency */ = {
			isa = PBXTargetDependency;
			target = 716A14732902113F004F260B /* BaneseDesignSystem */;
			targetProxy = 716A148B29021142004F260B /* PBXContainerItemProxy */;
		};
		716A149629021142004F260B /* PBXTargetDependency */ = {
			isa = PBXTargetDependency;
			target = 716A14732902113F004F260B /* BaneseDesignSystem */;
			targetProxy = 716A149529021142004F260B /* PBXContainerItemProxy */;
		};
/* End PBXTargetDependency section */

/* Begin PBXVariantGroup section */
		716A147D2902113F004F260B /* Main.storyboard */ = {
			isa = PBXVariantGroup;
			children = (
				716A147E2902113F004F260B /* Base */,
			);
			name = Main.storyboard;
			sourceTree = "<group>";
		};
		716A148229021142004F260B /* LaunchScreen.storyboard */ = {
			isa = PBXVariantGroup;
			children = (
				716A148329021142004F260B /* Base */,
			);
			name = LaunchScreen.storyboard;
			sourceTree = "<group>";
		};
/* End PBXVariantGroup section */

/* Begin XCBuildConfiguration section */
		716A149C29021142004F260B /* Debug */ = {
			isa = XCBuildConfiguration;
			buildSettings = {
				ALWAYS_SEARCH_USER_PATHS = NO;
				CLANG_ANALYZER_NONNULL = YES;
				CLANG_ANALYZER_NUMBER_OBJECT_CONVERSION = YES_AGGRESSIVE;
				CLANG_CXX_LANGUAGE_STANDARD = "gnu++17";
				CLANG_ENABLE_MODULES = YES;
				CLANG_ENABLE_OBJC_ARC = YES;
				CLANG_ENABLE_OBJC_WEAK = YES;
				CLANG_WARN_BLOCK_CAPTURE_AUTORELEASING = YES;
				CLANG_WARN_BOOL_CONVERSION = YES;
				CLANG_WARN_COMMA = YES;
				CLANG_WARN_CONSTANT_CONVERSION = YES;
				CLANG_WARN_DEPRECATED_OBJC_IMPLEMENTATIONS = YES;
				CLANG_WARN_DIRECT_OBJC_ISA_USAGE = YES_ERROR;
				CLANG_WARN_DOCUMENTATION_COMMENTS = YES;
				CLANG_WARN_EMPTY_BODY = YES;
				CLANG_WARN_ENUM_CONVERSION = YES;
				CLANG_WARN_INFINITE_RECURSION = YES;
				CLANG_WARN_INT_CONVERSION = YES;
				CLANG_WARN_NON_LITERAL_NULL_CONVERSION = YES;
				CLANG_WARN_OBJC_IMPLICIT_RETAIN_SELF = YES;
				CLANG_WARN_OBJC_LITERAL_CONVERSION = YES;
				CLANG_WARN_OBJC_ROOT_CLASS = YES_ERROR;
				CLANG_WARN_QUOTED_INCLUDE_IN_FRAMEWORK_HEADER = YES;
				CLANG_WARN_RANGE_LOOP_ANALYSIS = YES;
				CLANG_WARN_STRICT_PROTOTYPES = YES;
				CLANG_WARN_SUSPICIOUS_MOVE = YES;
				CLANG_WARN_UNGUARDED_AVAILABILITY = YES_AGGRESSIVE;
				CLANG_WARN_UNREACHABLE_CODE = YES;
				CLANG_WARN__DUPLICATE_METHOD_MATCH = YES;
				COPY_PHASE_STRIP = NO;
				DEBUG_INFORMATION_FORMAT = dwarf;
				ENABLE_STRICT_OBJC_MSGSEND = YES;
				ENABLE_TESTABILITY = YES;
				GCC_C_LANGUAGE_STANDARD = gnu11;
				GCC_DYNAMIC_NO_PIC = NO;
				GCC_NO_COMMON_BLOCKS = YES;
				GCC_OPTIMIZATION_LEVEL = 0;
				GCC_PREPROCESSOR_DEFINITIONS = (
					"DEBUG=1",
					"$(inherited)",
				);
				GCC_WARN_64_TO_32_BIT_CONVERSION = YES;
				GCC_WARN_ABOUT_RETURN_TYPE = YES_ERROR;
				GCC_WARN_UNDECLARED_SELECTOR = YES;
				GCC_WARN_UNINITIALIZED_AUTOS = YES_AGGRESSIVE;
				GCC_WARN_UNUSED_FUNCTION = YES;
				GCC_WARN_UNUSED_VARIABLE = YES;
				IPHONEOS_DEPLOYMENT_TARGET = 15.5;
				MTL_ENABLE_DEBUG_INFO = INCLUDE_SOURCE;
				MTL_FAST_MATH = YES;
				ONLY_ACTIVE_ARCH = YES;
				SDKROOT = iphoneos;
				SWIFT_ACTIVE_COMPILATION_CONDITIONS = DEBUG;
				SWIFT_OPTIMIZATION_LEVEL = "-Onone";
			};
			name = Debug;
		};
		716A149D29021142004F260B /* Release */ = {
			isa = XCBuildConfiguration;
			buildSettings = {
				ALWAYS_SEARCH_USER_PATHS = NO;
				CLANG_ANALYZER_NONNULL = YES;
				CLANG_ANALYZER_NUMBER_OBJECT_CONVERSION = YES_AGGRESSIVE;
				CLANG_CXX_LANGUAGE_STANDARD = "gnu++17";
				CLANG_ENABLE_MODULES = YES;
				CLANG_ENABLE_OBJC_ARC = YES;
				CLANG_ENABLE_OBJC_WEAK = YES;
				CLANG_WARN_BLOCK_CAPTURE_AUTORELEASING = YES;
				CLANG_WARN_BOOL_CONVERSION = YES;
				CLANG_WARN_COMMA = YES;
				CLANG_WARN_CONSTANT_CONVERSION = YES;
				CLANG_WARN_DEPRECATED_OBJC_IMPLEMENTATIONS = YES;
				CLANG_WARN_DIRECT_OBJC_ISA_USAGE = YES_ERROR;
				CLANG_WARN_DOCUMENTATION_COMMENTS = YES;
				CLANG_WARN_EMPTY_BODY = YES;
				CLANG_WARN_ENUM_CONVERSION = YES;
				CLANG_WARN_INFINITE_RECURSION = YES;
				CLANG_WARN_INT_CONVERSION = YES;
				CLANG_WARN_NON_LITERAL_NULL_CONVERSION = YES;
				CLANG_WARN_OBJC_IMPLICIT_RETAIN_SELF = YES;
				CLANG_WARN_OBJC_LITERAL_CONVERSION = YES;
				CLANG_WARN_OBJC_ROOT_CLASS = YES_ERROR;
				CLANG_WARN_QUOTED_INCLUDE_IN_FRAMEWORK_HEADER = YES;
				CLANG_WARN_RANGE_LOOP_ANALYSIS = YES;
				CLANG_WARN_STRICT_PROTOTYPES = YES;
				CLANG_WARN_SUSPICIOUS_MOVE = YES;
				CLANG_WARN_UNGUARDED_AVAILABILITY = YES_AGGRESSIVE;
				CLANG_WARN_UNREACHABLE_CODE = YES;
				CLANG_WARN__DUPLICATE_METHOD_MATCH = YES;
				COPY_PHASE_STRIP = NO;
				DEBUG_INFORMATION_FORMAT = "dwarf-with-dsym";
				ENABLE_NS_ASSERTIONS = NO;
				ENABLE_STRICT_OBJC_MSGSEND = YES;
				GCC_C_LANGUAGE_STANDARD = gnu11;
				GCC_NO_COMMON_BLOCKS = YES;
				GCC_WARN_64_TO_32_BIT_CONVERSION = YES;
				GCC_WARN_ABOUT_RETURN_TYPE = YES_ERROR;
				GCC_WARN_UNDECLARED_SELECTOR = YES;
				GCC_WARN_UNINITIALIZED_AUTOS = YES_AGGRESSIVE;
				GCC_WARN_UNUSED_FUNCTION = YES;
				GCC_WARN_UNUSED_VARIABLE = YES;
				IPHONEOS_DEPLOYMENT_TARGET = 15.5;
				MTL_ENABLE_DEBUG_INFO = NO;
				MTL_FAST_MATH = YES;
				SDKROOT = iphoneos;
				SWIFT_COMPILATION_MODE = wholemodule;
				SWIFT_OPTIMIZATION_LEVEL = "-O";
				VALIDATE_PRODUCT = YES;
			};
			name = Release;
		};
		716A149F29021142004F260B /* Debug */ = {
			isa = XCBuildConfiguration;
			buildSettings = {
				ASSETCATALOG_COMPILER_APPICON_NAME = AppIcon;
				ASSETCATALOG_COMPILER_GLOBAL_ACCENT_COLOR_NAME = AccentColor;
				CODE_SIGN_STYLE = Automatic;
				CURRENT_PROJECT_VERSION = 1;
				GENERATE_INFOPLIST_FILE = YES;
				INFOPLIST_FILE = BaneseDesignSystem/Info.plist;
				INFOPLIST_KEY_UIApplicationSupportsIndirectInputEvents = YES;
				INFOPLIST_KEY_UILaunchStoryboardName = LaunchScreen;
				INFOPLIST_KEY_UIMainStoryboardFile = Main;
				INFOPLIST_KEY_UISupportedInterfaceOrientations_iPad = "UIInterfaceOrientationPortrait UIInterfaceOrientationPortraitUpsideDown UIInterfaceOrientationLandscapeLeft UIInterfaceOrientationLandscapeRight";
				INFOPLIST_KEY_UISupportedInterfaceOrientations_iPhone = "UIInterfaceOrientationPortrait UIInterfaceOrientationLandscapeLeft UIInterfaceOrientationLandscapeRight";
				LD_RUNPATH_SEARCH_PATHS = (
					"$(inherited)",
					"@executable_path/Frameworks",
				);
				MARKETING_VERSION = 1.0;
				PRODUCT_BUNDLE_IDENTIFIER = com.raulrodrigo.BaneseDesignSystem;
				PRODUCT_NAME = "$(TARGET_NAME)";
				SWIFT_EMIT_LOC_STRINGS = YES;
				SWIFT_VERSION = 5.0;
				TARGETED_DEVICE_FAMILY = "1,2";
			};
			name = Debug;
		};
		716A14A029021142004F260B /* Release */ = {
			isa = XCBuildConfiguration;
			buildSettings = {
				ASSETCATALOG_COMPILER_APPICON_NAME = AppIcon;
				ASSETCATALOG_COMPILER_GLOBAL_ACCENT_COLOR_NAME = AccentColor;
				CODE_SIGN_STYLE = Automatic;
				CURRENT_PROJECT_VERSION = 1;
				GENERATE_INFOPLIST_FILE = YES;
				INFOPLIST_FILE = BaneseDesignSystem/Info.plist;
				INFOPLIST_KEY_UIApplicationSupportsIndirectInputEvents = YES;
				INFOPLIST_KEY_UILaunchStoryboardName = LaunchScreen;
				INFOPLIST_KEY_UIMainStoryboardFile = Main;
				INFOPLIST_KEY_UISupportedInterfaceOrientations_iPad = "UIInterfaceOrientationPortrait UIInterfaceOrientationPortraitUpsideDown UIInterfaceOrientationLandscapeLeft UIInterfaceOrientationLandscapeRight";
				INFOPLIST_KEY_UISupportedInterfaceOrientations_iPhone = "UIInterfaceOrientationPortrait UIInterfaceOrientationLandscapeLeft UIInterfaceOrientationLandscapeRight";
				LD_RUNPATH_SEARCH_PATHS = (
					"$(inherited)",
					"@executable_path/Frameworks",
				);
				MARKETING_VERSION = 1.0;
				PRODUCT_BUNDLE_IDENTIFIER = com.raulrodrigo.BaneseDesignSystem;
				PRODUCT_NAME = "$(TARGET_NAME)";
				SWIFT_EMIT_LOC_STRINGS = YES;
				SWIFT_VERSION = 5.0;
				TARGETED_DEVICE_FAMILY = "1,2";
			};
			name = Release;
		};
		716A14A229021142004F260B /* Debug */ = {
			isa = XCBuildConfiguration;
			buildSettings = {
				ALWAYS_EMBED_SWIFT_STANDARD_LIBRARIES = YES;
				BUNDLE_LOADER = "$(TEST_HOST)";
				CODE_SIGN_STYLE = Automatic;
				CURRENT_PROJECT_VERSION = 1;
				GENERATE_INFOPLIST_FILE = YES;
				IPHONEOS_DEPLOYMENT_TARGET = 15.5;
				MARKETING_VERSION = 1.0;
				PRODUCT_BUNDLE_IDENTIFIER = com.raulrodrigo.BaneseDesignSystemTests;
				PRODUCT_NAME = "$(TARGET_NAME)";
				SWIFT_EMIT_LOC_STRINGS = NO;
				SWIFT_VERSION = 5.0;
				TARGETED_DEVICE_FAMILY = "1,2";
				TEST_HOST = "$(BUILT_PRODUCTS_DIR)/BaneseDesignSystem.app/BaneseDesignSystem";
			};
			name = Debug;
		};
		716A14A329021142004F260B /* Release */ = {
			isa = XCBuildConfiguration;
			buildSettings = {
				ALWAYS_EMBED_SWIFT_STANDARD_LIBRARIES = YES;
				BUNDLE_LOADER = "$(TEST_HOST)";
				CODE_SIGN_STYLE = Automatic;
				CURRENT_PROJECT_VERSION = 1;
				GENERATE_INFOPLIST_FILE = YES;
				IPHONEOS_DEPLOYMENT_TARGET = 15.5;
				MARKETING_VERSION = 1.0;
				PRODUCT_BUNDLE_IDENTIFIER = com.raulrodrigo.BaneseDesignSystemTests;
				PRODUCT_NAME = "$(TARGET_NAME)";
				SWIFT_EMIT_LOC_STRINGS = NO;
				SWIFT_VERSION = 5.0;
				TARGETED_DEVICE_FAMILY = "1,2";
				TEST_HOST = "$(BUILT_PRODUCTS_DIR)/BaneseDesignSystem.app/BaneseDesignSystem";
			};
			name = Release;
		};
		716A14A529021142004F260B /* Debug */ = {
			isa = XCBuildConfiguration;
			buildSettings = {
				ALWAYS_EMBED_SWIFT_STANDARD_LIBRARIES = YES;
				CODE_SIGN_STYLE = Automatic;
				CURRENT_PROJECT_VERSION = 1;
				GENERATE_INFOPLIST_FILE = YES;
				MARKETING_VERSION = 1.0;
				PRODUCT_BUNDLE_IDENTIFIER = com.raulrodrigo.BaneseDesignSystemUITests;
				PRODUCT_NAME = "$(TARGET_NAME)";
				SWIFT_EMIT_LOC_STRINGS = NO;
				SWIFT_VERSION = 5.0;
				TARGETED_DEVICE_FAMILY = "1,2";
				TEST_TARGET_NAME = BaneseDesignSystem;
			};
			name = Debug;
		};
		716A14A629021142004F260B /* Release */ = {
			isa = XCBuildConfiguration;
			buildSettings = {
				ALWAYS_EMBED_SWIFT_STANDARD_LIBRARIES = YES;
				CODE_SIGN_STYLE = Automatic;
				CURRENT_PROJECT_VERSION = 1;
				GENERATE_INFOPLIST_FILE = YES;
				MARKETING_VERSION = 1.0;
				PRODUCT_BUNDLE_IDENTIFIER = com.raulrodrigo.BaneseDesignSystemUITests;
				PRODUCT_NAME = "$(TARGET_NAME)";
				SWIFT_EMIT_LOC_STRINGS = NO;
				SWIFT_VERSION = 5.0;
				TARGETED_DEVICE_FAMILY = "1,2";
				TEST_TARGET_NAME = BaneseDesignSystem;
			};
			name = Release;
		};
/* End XCBuildConfiguration section */

/* Begin XCConfigurationList section */
		716A146F2902113F004F260B /* Build configuration list for PBXProject "BaneseDesignSystem" */ = {
			isa = XCConfigurationList;
			buildConfigurations = (
				716A149C29021142004F260B /* Debug */,
				716A149D29021142004F260B /* Release */,
			);
			defaultConfigurationIsVisible = 0;
			defaultConfigurationName = Release;
		};
		716A149E29021142004F260B /* Build configuration list for PBXNativeTarget "BaneseDesignSystem" */ = {
			isa = XCConfigurationList;
			buildConfigurations = (
				716A149F29021142004F260B /* Debug */,
				716A14A029021142004F260B /* Release */,
			);
			defaultConfigurationIsVisible = 0;
			defaultConfigurationName = Release;
		};
		716A14A129021142004F260B /* Build configuration list for PBXNativeTarget "BaneseDesignSystemTests" */ = {
			isa = XCConfigurationList;
			buildConfigurations = (
				716A14A229021142004F260B /* Debug */,
				716A14A329021142004F260B /* Release */,
			);
			defaultConfigurationIsVisible = 0;
			defaultConfigurationName = Release;
		};
		716A14A429021142004F260B /* Build configuration list for PBXNativeTarget "BaneseDesignSystemUITests" */ = {
			isa = XCConfigurationList;
			buildConfigurations = (
				716A14A529021142004F260B /* Debug */,
				716A14A629021142004F260B /* Release */,
			);
			defaultConfigurationIsVisible = 0;
			defaultConfigurationName = Release;
		};
/* End XCConfigurationList section */
	};
	rootObject = 716A146C2902113F004F260B /* Project object */;
}
